
Microsoft Visual Studio Solution File, Format Version 12.00
# Visual Studio Version 16
VisualStudioVersion = 16.0.30611.23
MinimumVisualStudioVersion = 10.0.40219.1
Project("{FAE04EC0-301F-11D3-BF4B-00C04F79EFBC}") = "LeaveManagementSystem", "LeaveManagementSystem\LeaveManagementSystem.csproj", "{CA18AA7B-A96A-4E63-932F-B70584E4679A}"
EndProject
Project("{FAE04EC0-301F-11D3-BF4B-00C04F79EFBC}") = "LeaveManagementSystem.Repository", "LeaveManagementSystem.Repository\LeaveManagementSystem.Repository.csproj", "{8DDE9FE2-D056-44DA-855E-320EE4484B5B}"
EndProject
Project("{FAE04EC0-301F-11D3-BF4B-00C04F79EFBC}") = "LeaveManagementSystem.ServiceLayer", "LeaveManagementSystem.ServiceLayer\LeaveManagementSystem.ServiceLayer.csproj", "{7B5B4DB7-1240-4AC1-A12E-759D4AA20645}"
EndProject
Project("{FAE04EC0-301F-11D3-BF4B-00C04F79EFBC}") = "LeaveManagementSystem.ViewModel", "LeaveManagementSystem.ViewModel\LeaveManagementSystem.ViewModel.csproj", "{00669953-7C44-46B0-814A-29F71FFB1641}"
EndProject
Project("{FAE04EC0-301F-11D3-BF4B-00C04F79EFBC}") = "LeaveManagementSystem.DomainModel", "LeaveManagementSystem.DomainModel\LeaveManagementSystem.DomainModel.csproj", "{DB9F99FC-58EC-42EA-8240-1027AA88E84B}"
EndProject
Project("{FAE04EC0-301F-11D3-BF4B-00C04F79EFBC}") = "LeaveManagementSystem.Utility", "LeaveManagementSystem.Utility\LeaveManagementSystem.Utility.csproj", "{FE6664CE-4D9C-49F8-8AE9-0B1E8103D620}"
EndProject
Global
	GlobalSection(SolutionConfigurationPlatforms) = preSolution
		Debug|Any CPU = Debug|Any CPU
		Release|Any CPU = Release|Any CPU
	EndGlobalSection
	GlobalSection(ProjectConfigurationPlatforms) = postSolution
		{CA18AA7B-A96A-4E63-932F-B70584E4679A}.Debug|Any CPU.ActiveCfg = Debug|Any CPU
		{CA18AA7B-A96A-4E63-932F-B70584E4679A}.Debug|Any CPU.Build.0 = Debug|Any CPU
		{CA18AA7B-A96A-4E63-932F-B70584E4679A}.Release|Any CPU.ActiveCfg = Release|Any CPU
		{CA18AA7B-A96A-4E63-932F-B70584E4679A}.Release|Any CPU.Build.0 = Release|Any CPU
		{8DDE9FE2-D056-44DA-855E-320EE4484B5B}.Debug|Any CPU.ActiveCfg = Debug|Any CPU
		{8DDE9FE2-D056-44DA-855E-320EE4484B5B}.Debug|Any CPU.Build.0 = Debug|Any CPU
		{8DDE9FE2-D056-44DA-855E-320EE4484B5B}.Release|Any CPU.ActiveCfg = Release|Any CPU
		{8DDE9FE2-D056-44DA-855E-320EE4484B5B}.Release|Any CPU.Build.0 = Release|Any CPU
		{7B5B4DB7-1240-4AC1-A12E-759D4AA20645}.Debug|Any CPU.ActiveCfg = Debug|Any CPU
		{7B5B4DB7-1240-4AC1-A12E-759D4AA20645}.Debug|Any CPU.Build.0 = Debug|Any CPU
		{7B5B4DB7-1240-4AC1-A12E-759D4AA20645}.Release|Any CPU.ActiveCfg = Release|Any CPU
		{7B5B4DB7-1240-4AC1-A12E-759D4AA20645}.Release|Any CPU.Build.0 = Release|Any CPU
		{00669953-7C44-46B0-814A-29F71FFB1641}.Debug|Any CPU.ActiveCfg = Debug|Any CPU
		{00669953-7C44-46B0-814A-29F71FFB1641}.Debug|Any CPU.Build.0 = Debug|Any CPU
		{00669953-7C44-46B0-814A-29F71FFB1641}.Release|Any CPU.ActiveCfg = Release|Any CPU
		{00669953-7C44-46B0-814A-29F71FFB1641}.Release|Any CPU.Build.0 = Release|Any CPU
		{DB9F99FC-58EC-42EA-8240-1027AA88E84B}.Debug|Any CPU.ActiveCfg = Debug|Any CPU
		{DB9F99FC-58EC-42EA-8240-1027AA88E84B}.Debug|Any CPU.Build.0 = Debug|Any CPU
		{DB9F99FC-58EC-42EA-8240-1027AA88E84B}.Release|Any CPU.ActiveCfg = Release|Any CPU
		{DB9F99FC-58EC-42EA-8240-1027AA88E84B}.Release|Any CPU.Build.0 = Release|Any CPU
		{FE6664CE-4D9C-49F8-8AE9-0B1E8103D620}.Debug|Any CPU.ActiveCfg = Debug|Any CPU
		{FE6664CE-4D9C-49F8-8AE9-0B1E8103D620}.Debug|Any CPU.Build.0 = Debug|Any CPU
		{FE6664CE-4D9C-49F8-8AE9-0B1E8103D620}.Release|Any CPU.ActiveCfg = Release|Any CPU
		{FE6664CE-4D9C-49F8-8AE9-0B1E8103D620}.Release|Any CPU.Build.0 = Release|Any CPU
	EndGlobalSection
	GlobalSection(SolutionProperties) = preSolution
		HideSolutionNode = FALSE
	EndGlobalSection
	GlobalSection(ExtensibilityGlobals) = postSolution
		SolutionGuid = {2AB9AC92-1AC1-4F11-A145-B682D9A3661F}
	EndGlobalSection
EndGlobal
